
Microsoft Visual Studio Solution File, Format Version 12.00
# Visual Studio 14
VisualStudioVersion = 14.0.25420.1
MinimumVisualStudioVersion = 10.0.40219.1
Project("{E24C65DC-7377-472B-9ABA-BC803B73C61A}") = "Web", "Web\", "{A4628712-6D84-4D1C-82E5-15C932849EAA}"
	ProjectSection(WebsiteProperties) = preProject
		TargetFrameworkMoniker = ".NETFramework,Version%3Dv4.0"
		Debug.AspNetCompiler.VirtualPath = "/localhost_51211"
		Debug.AspNetCompiler.PhysicalPath = "Web\"
		Debug.AspNetCompiler.TargetPath = "PrecompiledWeb\localhost_51211\"
		Debug.AspNetCompiler.Updateable = "true"
		Debug.AspNetCompiler.ForceOverwrite = "true"
		Debug.AspNetCompiler.FixedNames = "false"
		Debug.AspNetCompiler.Debug = "True"
		Release.AspNetCompiler.VirtualPath = "/localhost_51211"
		Release.AspNetCompiler.PhysicalPath = "Web\"
		Release.AspNetCompiler.TargetPath = "PrecompiledWeb\localhost_51211\"
		Release.AspNetCompiler.Updateable = "true"
		Release.AspNetCompiler.ForceOverwrite = "true"
		Release.AspNetCompiler.FixedNames = "false"
		Release.AspNetCompiler.Debug = "False"
		VWDPort = "51211"
		SlnRelativePath = "Web\"
	EndProjectSection
EndProject
Project("{FAE04EC0-301F-11D3-BF4B-00C04F79EFBC}") = "WebAPI", "API\WebAPI\WebAPI.csproj", "{D7958C02-25A4-4101-A3B0-360F54BBC3A9}"
EndProject
Project("{2150E333-8FDC-42A3-9474-1A3956D46DE8}") = "Web", "Web", "{A2D21A0E-335C-4097-A845-E4F40D98397F}"
EndProject
Project("{2150E333-8FDC-42A3-9474-1A3956D46DE8}") = "API", "API", "{BD28A823-81D4-49A3-98FF-E1361E2F981B}"
EndProject
Project("{FAE04EC0-301F-11D3-BF4B-00C04F79EFBC}") = "WebAPI.Tests", "API\WebAPI.Tests\WebAPI.Tests.csproj", "{00B2556A-D445-4B48-9F7C-5A57A233E8B6}"
EndProject
Project("{00D1A9C2-B5F0-4AF3-8072-F6C62B433612}") = "Database", "Database\Database.sqlproj", "{EE09DF3F-4E8F-437D-9421-EA45D09252CA}"
EndProject
Global
	GlobalSection(SolutionConfigurationPlatforms) = preSolution
		Debug|Any CPU = Debug|Any CPU
		Release|Any CPU = Release|Any CPU
	EndGlobalSection
	GlobalSection(ProjectConfigurationPlatforms) = postSolution
		{A4628712-6D84-4D1C-82E5-15C932849EAA}.Debug|Any CPU.ActiveCfg = Debug|Any CPU
		{A4628712-6D84-4D1C-82E5-15C932849EAA}.Debug|Any CPU.Build.0 = Debug|Any CPU
		{A4628712-6D84-4D1C-82E5-15C932849EAA}.Release|Any CPU.ActiveCfg = Debug|Any CPU
		{A4628712-6D84-4D1C-82E5-15C932849EAA}.Release|Any CPU.Build.0 = Debug|Any CPU
		{D7958C02-25A4-4101-A3B0-360F54BBC3A9}.Debug|Any CPU.ActiveCfg = Debug|Any CPU
		{D7958C02-25A4-4101-A3B0-360F54BBC3A9}.Debug|Any CPU.Build.0 = Debug|Any CPU
		{D7958C02-25A4-4101-A3B0-360F54BBC3A9}.Release|Any CPU.ActiveCfg = Release|Any CPU
		{D7958C02-25A4-4101-A3B0-360F54BBC3A9}.Release|Any CPU.Build.0 = Release|Any CPU
		{00B2556A-D445-4B48-9F7C-5A57A233E8B6}.Debug|Any CPU.ActiveCfg = Debug|Any CPU
		{00B2556A-D445-4B48-9F7C-5A57A233E8B6}.Debug|Any CPU.Build.0 = Debug|Any CPU
		{00B2556A-D445-4B48-9F7C-5A57A233E8B6}.Release|Any CPU.ActiveCfg = Release|Any CPU
		{00B2556A-D445-4B48-9F7C-5A57A233E8B6}.Release|Any CPU.Build.0 = Release|Any CPU
		{EE09DF3F-4E8F-437D-9421-EA45D09252CA}.Debug|Any CPU.ActiveCfg = Debug|Any CPU
		{EE09DF3F-4E8F-437D-9421-EA45D09252CA}.Debug|Any CPU.Build.0 = Debug|Any CPU
		{EE09DF3F-4E8F-437D-9421-EA45D09252CA}.Debug|Any CPU.Deploy.0 = Debug|Any CPU
		{EE09DF3F-4E8F-437D-9421-EA45D09252CA}.Release|Any CPU.ActiveCfg = Release|Any CPU
		{EE09DF3F-4E8F-437D-9421-EA45D09252CA}.Release|Any CPU.Build.0 = Release|Any CPU
		{EE09DF3F-4E8F-437D-9421-EA45D09252CA}.Release|Any CPU.Deploy.0 = Release|Any CPU
	EndGlobalSection
	GlobalSection(SolutionProperties) = preSolution
		HideSolutionNode = FALSE
	EndGlobalSection
	GlobalSection(NestedProjects) = preSolution
		{A4628712-6D84-4D1C-82E5-15C932849EAA} = {A2D21A0E-335C-4097-A845-E4F40D98397F}
		{D7958C02-25A4-4101-A3B0-360F54BBC3A9} = {BD28A823-81D4-49A3-98FF-E1361E2F981B}
		{00B2556A-D445-4B48-9F7C-5A57A233E8B6} = {BD28A823-81D4-49A3-98FF-E1361E2F981B}
		{EE09DF3F-4E8F-437D-9421-EA45D09252CA} = {BD28A823-81D4-49A3-98FF-E1361E2F981B}
	EndGlobalSection
EndGlobal
